// !$*UTF8*$!
{
	archiveVersion = 1;
	classes = {
	};
	objectVersion = 46;
	objects = {

/* Begin PBXBuildFile section */
		280224F71CBB6EF700520DAB /* CKCommonAlert.m in Sources */ = {isa = PBXBuildFile; fileRef = 280224F61CBB6EF700520DAB /* CKCommonAlert.m */; };
		2804329A1CACBC33001B7084 /* CKMenuView.m in Sources */ = {isa = PBXBuildFile; fileRef = 280432991CACBC33001B7084 /* CKMenuView.m */; };
		280510E31C7FE9AE003A668E /* main.m in Sources */ = {isa = PBXBuildFile; fileRef = 280510E21C7FE9AE003A668E /* main.m */; };
		280510EE1C7FE9AE003A668E /* Assets.xcassets in Resources */ = {isa = PBXBuildFile; fileRef = 280510ED1C7FE9AE003A668E /* Assets.xcassets */; };
		280511001C800109003A668E /* AppDelegate.m in Sources */ = {isa = PBXBuildFile; fileRef = 280510FD1C800109003A668E /* AppDelegate.m */; };
		280511011C800109003A668E /* ViewController.m in Sources */ = {isa = PBXBuildFile; fileRef = 280510FF1C800109003A668E /* ViewController.m */; };
		280511081C80042E003A668E /* LaunchScreen.storyboard in Resources */ = {isa = PBXBuildFile; fileRef = 280511061C80042E003A668E /* LaunchScreen.storyboard */; };
		280511091C80042E003A668E /* Main.storyboard in Resources */ = {isa = PBXBuildFile; fileRef = 280511071C80042E003A668E /* Main.storyboard */; };
		2805110C1C803488003A668E /* Security.framework in Frameworks */ = {isa = PBXBuildFile; fileRef = 2805110B1C803488003A668E /* Security.framework */; };
		2805110E1C8034A5003A668E /* CoreFoundation.framework in Frameworks */ = {isa = PBXBuildFile; fileRef = 2805110D1C8034A5003A668E /* CoreFoundation.framework */; };
		280511101C8034BC003A668E /* CoreTelephony.framework in Frameworks */ = {isa = PBXBuildFile; fileRef = 2805110F1C8034BC003A668E /* CoreTelephony.framework */; };
		280511121C8034CB003A668E /* SystemConfiguration.framework in Frameworks */ = {isa = PBXBuildFile; fileRef = 280511111C8034CB003A668E /* SystemConfiguration.framework */; };
		280511141C8034DF003A668E /* CoreGraphics.framework in Frameworks */ = {isa = PBXBuildFile; fileRef = 280511131C8034DF003A668E /* CoreGraphics.framework */; };
		280511161C8034EC003A668E /* Foundation.framework in Frameworks */ = {isa = PBXBuildFile; fileRef = 280511151C8034EC003A668E /* Foundation.framework */; };
		280511181C8034FD003A668E /* QuartzCore.framework in Frameworks */ = {isa = PBXBuildFile; fileRef = 280511171C8034FD003A668E /* QuartzCore.framework */; };
		2805111A1C803519003A668E /* UIKit.framework in Frameworks */ = {isa = PBXBuildFile; fileRef = 280511191C803519003A668E /* UIKit.framework */; };
		28092A961CABC74900BE312E /* MenuViewController.m in Sources */ = {isa = PBXBuildFile; fileRef = 28092A951CABC74900BE312E /* MenuViewController.m */; };
		281A062A1CBCD13200E6AC2F /* CKLoadingView.m in Sources */ = {isa = PBXBuildFile; fileRef = 281A06291CBCD13200E6AC2F /* CKLoadingView.m */; };
		281A062D1CBCE91800E6AC2F /* CKBackgroudView.m in Sources */ = {isa = PBXBuildFile; fileRef = 281A062C1CBCE91800E6AC2F /* CKBackgroudView.m */; };
		281A062F1CBCF1E600E6AC2F /* sample.jpg in Resources */ = {isa = PBXBuildFile; fileRef = 281A062E1CBCF1E600E6AC2F /* sample.jpg */; };
		281B57581CAA146A00E6E81B /* CPTouchActionView.m in Sources */ = {isa = PBXBuildFile; fileRef = 281B57571CAA146A00E6E81B /* CPTouchActionView.m */; };
		281B575F1CAA1D9F00E6E81B /* NSString+URLEncodedString.m in Sources */ = {isa = PBXBuildFile; fileRef = 281B575E1CAA1D9F00E6E81B /* NSString+URLEncodedString.m */; };
		288F59BD1CA51A7200D08F55 /* floatTableViewCell.m in Sources */ = {isa = PBXBuildFile; fileRef = 288F59B91CA51A7200D08F55 /* floatTableViewCell.m */; };
		288F59BE1CA51A7200D08F55 /* floatTableViewCell.xib in Resources */ = {isa = PBXBuildFile; fileRef = 288F59BA1CA51A7200D08F55 /* floatTableViewCell.xib */; };
		288F59BF1CA51A7200D08F55 /* VCFloatingActionButton.m in Sources */ = {isa = PBXBuildFile; fileRef = 288F59BC1CA51A7200D08F55 /* VCFloatingActionButton.m */; };
		288F59C61CA51B7000D08F55 /* cross.png in Resources */ = {isa = PBXBuildFile; fileRef = 288F59C01CA51B7000D08F55 /* cross.png */; };
		288F59C71CA51B7000D08F55 /* fb-icon.png in Resources */ = {isa = PBXBuildFile; fileRef = 288F59C11CA51B7000D08F55 /* fb-icon.png */; };
		288F59C81CA51B7000D08F55 /* google-icon.png in Resources */ = {isa = PBXBuildFile; fileRef = 288F59C21CA51B7000D08F55 /* google-icon.png */; };
		288F59C91CA51B7000D08F55 /* linkedin-icon.png in Resources */ = {isa = PBXBuildFile; fileRef = 288F59C31CA51B7000D08F55 /* linkedin-icon.png */; };
		288F59CA1CA51B7000D08F55 /* plus.png in Resources */ = {isa = PBXBuildFile; fileRef = 288F59C41CA51B7000D08F55 /* plus.png */; };
		288F59CB1CA51B7000D08F55 /* twitter-icon.png in Resources */ = {isa = PBXBuildFile; fileRef = 288F59C51CA51B7000D08F55 /* twitter-icon.png */; };
		28BDEFB11CA113EA009E0B7A /* location_icon@1x.png in Resources */ = {isa = PBXBuildFile; fileRef = 28BDEFAE1CA113EA009E0B7A /* location_icon@1x.png */; };
		28BDEFB21CA113EA009E0B7A /* location_icon@2x.png in Resources */ = {isa = PBXBuildFile; fileRef = 28BDEFAF1CA113EA009E0B7A /* location_icon@2x.png */; };
		28BDEFB31CA113EA009E0B7A /* location_icon@3x.png in Resources */ = {isa = PBXBuildFile; fileRef = 28BDEFB01CA113EA009E0B7A /* location_icon@3x.png */; };
		28BDEFB61CA127CE009E0B7A /* UIImage+ImageWithColor.m in Sources */ = {isa = PBXBuildFile; fileRef = 28BDEFB51CA127CE009E0B7A /* UIImage+ImageWithColor.m */; };
		28D3DF341CB7888800173CB1 /* INISAFE_CMP_for_C_v3.4.2_iOS_8.1_Universal.a in Frameworks */ = {isa = PBXBuildFile; fileRef = 28D3DF2C1CB7888800173CB1 /* INISAFE_CMP_for_C_v3.4.2_iOS_8.1_Universal.a */; };
		28D3DF351CB7888800173CB1 /* INISAFE_Core_for_C_v2.4.0_iOS_8.1_Universal.a in Frameworks */ = {isa = PBXBuildFile; fileRef = 28D3DF2D1CB7888800173CB1 /* INISAFE_Core_for_C_v2.4.0_iOS_8.1_Universal.a */; };
		28D3DF361CB7888800173CB1 /* INISAFE_Sign_for_C_v4.4.0_iOS_8.1_Universal.a in Frameworks */ = {isa = PBXBuildFile; fileRef = 28D3DF2E1CB7888800173CB1 /* INISAFE_Sign_for_C_v4.4.0_iOS_8.1_Universal.a */; };
		28D3DF371CB7888800173CB1 /* INISAFE_Sign_for_C_v4.4.0_iOS_8.1d_Universal.a in Frameworks */ = {isa = PBXBuildFile; fileRef = 28D3DF2F1CB7888800173CB1 /* INISAFE_Sign_for_C_v4.4.0_iOS_8.1d_Universal.a */; };
		28D3DF381CB7888800173CB1 /* INISAFE_XSafe_for_C_v1.7.4_iOS_8.4_Universal.a in Frameworks */ = {isa = PBXBuildFile; fileRef = 28D3DF301CB7888800173CB1 /* INISAFE_XSafe_for_C_v1.7.4_iOS_8.4_Universal.a */; };
		28D3DF391CB7888800173CB1 /* INISAFE_XSafe_for_C_v1.7.4_iOS_8.4d_Universal.a in Frameworks */ = {isa = PBXBuildFile; fileRef = 28D3DF311CB7888800173CB1 /* INISAFE_XSafe_for_C_v1.7.4_iOS_8.4d_Universal.a */; };
		28D3DF3A1CB7888800173CB1 /* libINISAFE_Crypto_for_C_v5.2.0_iOS_8.1.a in Frameworks */ = {isa = PBXBuildFile; fileRef = 28D3DF321CB7888800173CB1 /* libINISAFE_Crypto_for_C_v5.2.0_iOS_8.1.a */; };
		28D3DF3B1CB7888800173CB1 /* libINISAFE_PKI_for_C_v5.2.1_iOS_8.1.a in Frameworks */ = {isa = PBXBuildFile; fileRef = 28D3DF331CB7888800173CB1 /* libINISAFE_PKI_for_C_v5.2.1_iOS_8.1.a */; };
		28F5BA5D1CA9043100D0A8F6 /* nav_bg_ios7.png in Resources */ = {isa = PBXBuildFile; fileRef = 28F5BA5B1CA9043100D0A8F6 /* nav_bg_ios7.png */; };
		28F5BA5E1CA9043100D0A8F6 /* nav_bg_ios7@2x.png in Resources */ = {isa = PBXBuildFile; fileRef = 28F5BA5C1CA9043100D0A8F6 /* nav_bg_ios7@2x.png */; };
		28F5BA611CA906E500D0A8F6 /* back_btn.png in Resources */ = {isa = PBXBuildFile; fileRef = 28F5BA5F1CA906E500D0A8F6 /* back_btn.png */; };
		28F5BA621CA906E500D0A8F6 /* back_btn@2x.png in Resources */ = {isa = PBXBuildFile; fileRef = 28F5BA601CA906E500D0A8F6 /* back_btn@2x.png */; };
/* End PBXBuildFile section */

/* Begin PBXFileReference section */
		280224F51CBB6EF700520DAB /* CKCommonAlert.h */ = {isa = PBXFileReference; fileEncoding = 4; lastKnownFileType = sourcecode.c.h; name = CKCommonAlert.h; path = main/CKCommonAlert.h; sourceTree = "<group>"; };
		280224F61CBB6EF700520DAB /* CKCommonAlert.m */ = {isa = PBXFileReference; fileEncoding = 4; lastKnownFileType = sourcecode.c.objc; name = CKCommonAlert.m; path = main/CKCommonAlert.m; sourceTree = "<group>"; };
		280432981CACBC33001B7084 /* CKMenuView.h */ = {isa = PBXFileReference; fileEncoding = 4; lastKnownFileType = sourcecode.c.h; name = CKMenuView.h; path = main/CKMenuView.h; sourceTree = "<group>"; };
		280432991CACBC33001B7084 /* CKMenuView.m */ = {isa = PBXFileReference; fileEncoding = 4; lastKnownFileType = sourcecode.c.objc; name = CKMenuView.m; path = main/CKMenuView.m; sourceTree = "<group>"; };
		280510DE1C7FE9AE003A668E /* knbankmbr.app */ = {isa = PBXFileReference; explicitFileType = wrapper.application; includeInIndex = 0; path = knbankmbr.app; sourceTree = BUILT_PRODUCTS_DIR; };
		280510E21C7FE9AE003A668E /* main.m */ = {isa = PBXFileReference; lastKnownFileType = sourcecode.c.objc; path = main.m; sourceTree = "<group>"; };
		280510ED1C7FE9AE003A668E /* Assets.xcassets */ = {isa = PBXFileReference; lastKnownFileType = folder.assetcatalog; path = Assets.xcassets; sourceTree = "<group>"; };
		280510F21C7FE9AE003A668E /* Info.plist */ = {isa = PBXFileReference; lastKnownFileType = text.plist.xml; path = Info.plist; sourceTree = "<group>"; };
		280510FC1C800109003A668E /* AppDelegate.h */ = {isa = PBXFileReference; fileEncoding = 4; lastKnownFileType = sourcecode.c.h; path = AppDelegate.h; sourceTree = "<group>"; };
		280510FD1C800109003A668E /* AppDelegate.m */ = {isa = PBXFileReference; fileEncoding = 4; lastKnownFileType = sourcecode.c.objc; path = AppDelegate.m; sourceTree = "<group>"; };
		280510FE1C800109003A668E /* ViewController.h */ = {isa = PBXFileReference; fileEncoding = 4; lastKnownFileType = sourcecode.c.h; path = ViewController.h; sourceTree = "<group>"; };
		280510FF1C800109003A668E /* ViewController.m */ = {isa = PBXFileReference; fileEncoding = 4; lastKnownFileType = sourcecode.c.objc; path = ViewController.m; sourceTree = "<group>"; };
		280511061C80042E003A668E /* LaunchScreen.storyboard */ = {isa = PBXFileReference; fileEncoding = 4; lastKnownFileType = file.storyboard; path = LaunchScreen.storyboard; sourceTree = "<group>"; };
		280511071C80042E003A668E /* Main.storyboard */ = {isa = PBXFileReference; fileEncoding = 4; lastKnownFileType = file.storyboard; path = Main.storyboard; sourceTree = "<group>"; };
		2805110A1C800609003A668E /* PrefixHeader.pch */ = {isa = PBXFileReference; fileEncoding = 4; lastKnownFileType = sourcecode.c.h; path = PrefixHeader.pch; sourceTree = "<group>"; };
		2805110B1C803488003A668E /* Security.framework */ = {isa = PBXFileReference; lastKnownFileType = wrapper.framework; name = Security.framework; path = System/Library/Frameworks/Security.framework; sourceTree = SDKROOT; };
		2805110D1C8034A5003A668E /* CoreFoundation.framework */ = {isa = PBXFileReference; lastKnownFileType = wrapper.framework; name = CoreFoundation.framework; path = System/Library/Frameworks/CoreFoundation.framework; sourceTree = SDKROOT; };
		2805110F1C8034BC003A668E /* CoreTelephony.framework */ = {isa = PBXFileReference; lastKnownFileType = wrapper.framework; name = CoreTelephony.framework; path = System/Library/Frameworks/CoreTelephony.framework; sourceTree = SDKROOT; };
		280511111C8034CB003A668E /* SystemConfiguration.framework */ = {isa = PBXFileReference; lastKnownFileType = wrapper.framework; name = SystemConfiguration.framework; path = System/Library/Frameworks/SystemConfiguration.framework; sourceTree = SDKROOT; };
		280511131C8034DF003A668E /* CoreGraphics.framework */ = {isa = PBXFileReference; lastKnownFileType = wrapper.framework; name = CoreGraphics.framework; path = System/Library/Frameworks/CoreGraphics.framework; sourceTree = SDKROOT; };
		280511151C8034EC003A668E /* Foundation.framework */ = {isa = PBXFileReference; lastKnownFileType = wrapper.framework; name = Foundation.framework; path = System/Library/Frameworks/Foundation.framework; sourceTree = SDKROOT; };
		280511171C8034FD003A668E /* QuartzCore.framework */ = {isa = PBXFileReference; lastKnownFileType = wrapper.framework; name = QuartzCore.framework; path = System/Library/Frameworks/QuartzCore.framework; sourceTree = SDKROOT; };
		280511191C803519003A668E /* UIKit.framework */ = {isa = PBXFileReference; lastKnownFileType = wrapper.framework; name = UIKit.framework; path = System/Library/Frameworks/UIKit.framework; sourceTree = SDKROOT; };
		28092A941CABC74900BE312E /* MenuViewController.h */ = {isa = PBXFileReference; fileEncoding = 4; lastKnownFileType = sourcecode.c.h; path = MenuViewController.h; sourceTree = "<group>"; };
		28092A951CABC74900BE312E /* MenuViewController.m */ = {isa = PBXFileReference; fileEncoding = 4; lastKnownFileType = sourcecode.c.objc; path = MenuViewController.m; sourceTree = "<group>"; };
		281A06281CBCD13200E6AC2F /* CKLoadingView.h */ = {isa = PBXFileReference; fileEncoding = 4; lastKnownFileType = sourcecode.c.h; name = CKLoadingView.h; path = main/CKLoadingView.h; sourceTree = "<group>"; };
		281A06291CBCD13200E6AC2F /* CKLoadingView.m */ = {isa = PBXFileReference; fileEncoding = 4; lastKnownFileType = sourcecode.c.objc; name = CKLoadingView.m; path = main/CKLoadingView.m; sourceTree = "<group>"; };
		281A062B1CBCE91800E6AC2F /* CKBackgroudView.h */ = {isa = PBXFileReference; fileEncoding = 4; lastKnownFileType = sourcecode.c.h; name = CKBackgroudView.h; path = main/CKBackgroudView.h; sourceTree = "<group>"; };
		281A062C1CBCE91800E6AC2F /* CKBackgroudView.m */ = {isa = PBXFileReference; fileEncoding = 4; lastKnownFileType = sourcecode.c.objc; name = CKBackgroudView.m; path = main/CKBackgroudView.m; sourceTree = "<group>"; };
		281A062E1CBCF1E600E6AC2F /* sample.jpg */ = {isa = PBXFileReference; lastKnownFileType = image.jpeg; path = sample.jpg; sourceTree = "<group>"; };
		281B57561CAA146A00E6E81B /* CPTouchActionView.h */ = {isa = PBXFileReference; fileEncoding = 4; lastKnownFileType = sourcecode.c.h; path = CPTouchActionView.h; sourceTree = "<group>"; };
		281B57571CAA146A00E6E81B /* CPTouchActionView.m */ = {isa = PBXFileReference; fileEncoding = 4; lastKnownFileType = sourcecode.c.objc; path = CPTouchActionView.m; sourceTree = "<group>"; };
		281B575D1CAA1D9F00E6E81B /* NSString+URLEncodedString.h */ = {isa = PBXFileReference; fileEncoding = 4; lastKnownFileType = sourcecode.c.h; name = "NSString+URLEncodedString.h"; path = "knbankmbr/source/Common/NSString+URLEncodedString.h"; sourceTree = SOURCE_ROOT; };
		281B575E1CAA1D9F00E6E81B /* NSString+URLEncodedString.m */ = {isa = PBXFileReference; fileEncoding = 4; lastKnownFileType = sourcecode.c.objc; name = "NSString+URLEncodedString.m"; path = "knbankmbr/source/Common/NSString+URLEncodedString.m"; sourceTree = SOURCE_ROOT; };
		288F59B81CA51A7200D08F55 /* floatTableViewCell.h */ = {isa = PBXFileReference; fileEncoding = 4; lastKnownFileType = sourcecode.c.h; path = floatTableViewCell.h; sourceTree = "<group>"; };
		288F59B91CA51A7200D08F55 /* floatTableViewCell.m */ = {isa = PBXFileReference; fileEncoding = 4; lastKnownFileType = sourcecode.c.objc; path = floatTableViewCell.m; sourceTree = "<group>"; };
		288F59BA1CA51A7200D08F55 /* floatTableViewCell.xib */ = {isa = PBXFileReference; fileEncoding = 4; lastKnownFileType = file.xib; path = floatTableViewCell.xib; sourceTree = "<group>"; };
		288F59BB1CA51A7200D08F55 /* VCFloatingActionButton.h */ = {isa = PBXFileReference; fileEncoding = 4; lastKnownFileType = sourcecode.c.h; path = VCFloatingActionButton.h; sourceTree = "<group>"; };
		288F59BC1CA51A7200D08F55 /* VCFloatingActionButton.m */ = {isa = PBXFileReference; fileEncoding = 4; lastKnownFileType = sourcecode.c.objc; path = VCFloatingActionButton.m; sourceTree = "<group>"; };
		288F59C01CA51B7000D08F55 /* cross.png */ = {isa = PBXFileReference; lastKnownFileType = image.png; path = cross.png; sourceTree = "<group>"; };
		288F59C11CA51B7000D08F55 /* fb-icon.png */ = {isa = PBXFileReference; lastKnownFileType = image.png; path = "fb-icon.png"; sourceTree = "<group>"; };
		288F59C21CA51B7000D08F55 /* google-icon.png */ = {isa = PBXFileReference; lastKnownFileType = image.png; path = "google-icon.png"; sourceTree = "<group>"; };
		288F59C31CA51B7000D08F55 /* linkedin-icon.png */ = {isa = PBXFileReference; lastKnownFileType = image.png; path = "linkedin-icon.png"; sourceTree = "<group>"; };
		288F59C41CA51B7000D08F55 /* plus.png */ = {isa = PBXFileReference; lastKnownFileType = image.png; path = plus.png; sourceTree = "<group>"; };
		288F59C51CA51B7000D08F55 /* twitter-icon.png */ = {isa = PBXFileReference; lastKnownFileType = image.png; path = "twitter-icon.png"; sourceTree = "<group>"; };
		28BDEFAE1CA113EA009E0B7A /* location_icon@1x.png */ = {isa = PBXFileReference; lastKnownFileType = image.png; path = "location_icon@1x.png"; sourceTree = "<group>"; };
		28BDEFAF1CA113EA009E0B7A /* location_icon@2x.png */ = {isa = PBXFileReference; lastKnownFileType = image.png; path = "location_icon@2x.png"; sourceTree = "<group>"; };
		28BDEFB01CA113EA009E0B7A /* location_icon@3x.png */ = {isa = PBXFileReference; lastKnownFileType = image.png; path = "location_icon@3x.png"; sourceTree = "<group>"; };
		28BDEFB41CA127CE009E0B7A /* UIImage+ImageWithColor.h */ = {isa = PBXFileReference; fileEncoding = 4; lastKnownFileType = sourcecode.c.h; path = "UIImage+ImageWithColor.h"; sourceTree = "<group>"; };
		28BDEFB51CA127CE009E0B7A /* UIImage+ImageWithColor.m */ = {isa = PBXFileReference; fileEncoding = 4; lastKnownFileType = sourcecode.c.objc; path = "UIImage+ImageWithColor.m"; sourceTree = "<group>"; };
		28D3DF2C1CB7888800173CB1 /* INISAFE_CMP_for_C_v3.4.2_iOS_8.1_Universal.a */ = {isa = PBXFileReference; lastKnownFileType = archive.ar; path = INISAFE_CMP_for_C_v3.4.2_iOS_8.1_Universal.a; sourceTree = "<group>"; };
		28D3DF2D1CB7888800173CB1 /* INISAFE_Core_for_C_v2.4.0_iOS_8.1_Universal.a */ = {isa = PBXFileReference; lastKnownFileType = archive.ar; path = INISAFE_Core_for_C_v2.4.0_iOS_8.1_Universal.a; sourceTree = "<group>"; };
		28D3DF2E1CB7888800173CB1 /* INISAFE_Sign_for_C_v4.4.0_iOS_8.1_Universal.a */ = {isa = PBXFileReference; lastKnownFileType = archive.ar; path = INISAFE_Sign_for_C_v4.4.0_iOS_8.1_Universal.a; sourceTree = "<group>"; };
		28D3DF2F1CB7888800173CB1 /* INISAFE_Sign_for_C_v4.4.0_iOS_8.1d_Universal.a */ = {isa = PBXFileReference; lastKnownFileType = archive.ar; path = INISAFE_Sign_for_C_v4.4.0_iOS_8.1d_Universal.a; sourceTree = "<group>"; };
		28D3DF301CB7888800173CB1 /* INISAFE_XSafe_for_C_v1.7.4_iOS_8.4_Universal.a */ = {isa = PBXFileReference; lastKnownFileType = archive.ar; path = INISAFE_XSafe_for_C_v1.7.4_iOS_8.4_Universal.a; sourceTree = "<group>"; };
		28D3DF311CB7888800173CB1 /* INISAFE_XSafe_for_C_v1.7.4_iOS_8.4d_Universal.a */ = {isa = PBXFileReference; lastKnownFileType = archive.ar; path = INISAFE_XSafe_for_C_v1.7.4_iOS_8.4d_Universal.a; sourceTree = "<group>"; };
		28D3DF321CB7888800173CB1 /* libINISAFE_Crypto_for_C_v5.2.0_iOS_8.1.a */ = {isa = PBXFileReference; lastKnownFileType = archive.ar; path = libINISAFE_Crypto_for_C_v5.2.0_iOS_8.1.a; sourceTree = "<group>"; };
		28D3DF331CB7888800173CB1 /* libINISAFE_PKI_for_C_v5.2.1_iOS_8.1.a */ = {isa = PBXFileReference; lastKnownFileType = archive.ar; path = libINISAFE_PKI_for_C_v5.2.1_iOS_8.1.a; sourceTree = "<group>"; };
		28D3DF3C1CB7907600173CB1 /* INISAFESign.h */ = {isa = PBXFileReference; lastKnownFileType = sourcecode.c.h; path = INISAFESign.h; sourceTree = "<group>"; };
		28D3DF3D1CB7907600173CB1 /* INISAFEXSafe.h */ = {isa = PBXFileReference; lastKnownFileType = sourcecode.c.h; path = INISAFEXSafe.h; sourceTree = "<group>"; };
		28F5BA5B1CA9043100D0A8F6 /* nav_bg_ios7.png */ = {isa = PBXFileReference; lastKnownFileType = image.png; path = nav_bg_ios7.png; sourceTree = "<group>"; };
		28F5BA5C1CA9043100D0A8F6 /* nav_bg_ios7@2x.png */ = {isa = PBXFileReference; lastKnownFileType = image.png; path = "nav_bg_ios7@2x.png"; sourceTree = "<group>"; };
		28F5BA5F1CA906E500D0A8F6 /* back_btn.png */ = {isa = PBXFileReference; lastKnownFileType = image.png; path = back_btn.png; sourceTree = "<group>"; };
		28F5BA601CA906E500D0A8F6 /* back_btn@2x.png */ = {isa = PBXFileReference; lastKnownFileType = image.png; path = "back_btn@2x.png"; sourceTree = "<group>"; };
/* End PBXFileReference section */

/* Begin PBXFrameworksBuildPhase section */
		280510DB1C7FE9AE003A668E /* Frameworks */ = {
			isa = PBXFrameworksBuildPhase;
			buildActionMask = 2147483647;
			files = (
				28D3DF341CB7888800173CB1 /* INISAFE_CMP_for_C_v3.4.2_iOS_8.1_Universal.a in Frameworks */,
				2805111A1C803519003A668E /* UIKit.framework in Frameworks */,
				280511181C8034FD003A668E /* QuartzCore.framework in Frameworks */,
				280511161C8034EC003A668E /* Foundation.framework in Frameworks */,
				28D3DF351CB7888800173CB1 /* INISAFE_Core_for_C_v2.4.0_iOS_8.1_Universal.a in Frameworks */,
				28D3DF371CB7888800173CB1 /* INISAFE_Sign_for_C_v4.4.0_iOS_8.1d_Universal.a in Frameworks */,
				280511141C8034DF003A668E /* CoreGraphics.framework in Frameworks */,
				280511121C8034CB003A668E /* SystemConfiguration.framework in Frameworks */,
				280511101C8034BC003A668E /* CoreTelephony.framework in Frameworks */,
				28D3DF381CB7888800173CB1 /* INISAFE_XSafe_for_C_v1.7.4_iOS_8.4_Universal.a in Frameworks */,
				2805110E1C8034A5003A668E /* CoreFoundation.framework in Frameworks */,
				2805110C1C803488003A668E /* Security.framework in Frameworks */,
				28D3DF361CB7888800173CB1 /* INISAFE_Sign_for_C_v4.4.0_iOS_8.1_Universal.a in Frameworks */,
				28D3DF391CB7888800173CB1 /* INISAFE_XSafe_for_C_v1.7.4_iOS_8.4d_Universal.a in Frameworks */,
				28D3DF3B1CB7888800173CB1 /* libINISAFE_PKI_for_C_v5.2.1_iOS_8.1.a in Frameworks */,
				28D3DF3A1CB7888800173CB1 /* libINISAFE_Crypto_for_C_v5.2.0_iOS_8.1.a in Frameworks */,
			);
			runOnlyForDeploymentPostprocessing = 0;
		};
/* End PBXFrameworksBuildPhase section */

/* Begin PBXGroup section */
		280432971CACBA3E001B7084 /* main */ = {
			isa = PBXGroup;
			children = (
				28092A941CABC74900BE312E /* MenuViewController.h */,
				28092A951CABC74900BE312E /* MenuViewController.m */,
				280224F51CBB6EF700520DAB /* CKCommonAlert.h */,
				281A06281CBCD13200E6AC2F /* CKLoadingView.h */,
				281A06291CBCD13200E6AC2F /* CKLoadingView.m */,
				280224F61CBB6EF700520DAB /* CKCommonAlert.m */,
				281A062B1CBCE91800E6AC2F /* CKBackgroudView.h */,
				281A062C1CBCE91800E6AC2F /* CKBackgroudView.m */,
				280432981CACBC33001B7084 /* CKMenuView.h */,
				280432991CACBC33001B7084 /* CKMenuView.m */,
			);
			name = main;
			sourceTree = "<group>";
		};
		280510D51C7FE9AE003A668E = {
			isa = PBXGroup;
			children = (
				280510E01C7FE9AE003A668E /* knbankmbr */,
				280510DF1C7FE9AE003A668E /* Products */,
			);
			sourceTree = "<group>";
		};
		280510DF1C7FE9AE003A668E /* Products */ = {
			isa = PBXGroup;
			children = (
				280510DE1C7FE9AE003A668E /* knbankmbr.app */,
			);
			name = Products;
			sourceTree = "<group>";
		};
		280510E01C7FE9AE003A668E /* knbankmbr */ = {
			isa = PBXGroup;
			children = (
				28D3DF2B1CB7888800173CB1 /* externLib */,
				280511021C80042E003A668E /* resource */,
				280510FB1C800109003A668E /* source */,
				280510FA1C7FFEFB003A668E /* lib */,
				280510ED1C7FE9AE003A668E /* Assets.xcassets */,
				280510E11C7FE9AE003A668E /* Supporting Files */,
			);
			path = knbankmbr;
			sourceTree = "<group>";
		};
		280510E11C7FE9AE003A668E /* Supporting Files */ = {
			isa = PBXGroup;
			children = (
				280510F21C7FE9AE003A668E /* Info.plist */,
				280510E21C7FE9AE003A668E /* main.m */,
			);
			name = "Supporting Files";
			sourceTree = "<group>";
		};
		280510FA1C7FFEFB003A668E /* lib */ = {
			isa = PBXGroup;
			children = (
				280511191C803519003A668E /* UIKit.framework */,
				280511171C8034FD003A668E /* QuartzCore.framework */,
				280511151C8034EC003A668E /* Foundation.framework */,
				280511131C8034DF003A668E /* CoreGraphics.framework */,
				280511111C8034CB003A668E /* SystemConfiguration.framework */,
				2805110F1C8034BC003A668E /* CoreTelephony.framework */,
				2805110D1C8034A5003A668E /* CoreFoundation.framework */,
				2805110B1C803488003A668E /* Security.framework */,
			);
			path = lib;
			sourceTree = "<group>";
		};
		280510FB1C800109003A668E /* source */ = {
			isa = PBXGroup;
			children = (
				280432971CACBA3E001B7084 /* main */,
				281B57591CAA1C0700E6E81B /* External */,
				288F59B71CA51A7200D08F55 /* VCFloatingActionButton */,
				2805110A1C800609003A668E /* PrefixHeader.pch */,
				280510FC1C800109003A668E /* AppDelegate.h */,
				280510FD1C800109003A668E /* AppDelegate.m */,
				281B57561CAA146A00E6E81B /* CPTouchActionView.h */,
				281B57571CAA146A00E6E81B /* CPTouchActionView.m */,
				280510FE1C800109003A668E /* ViewController.h */,
				280510FF1C800109003A668E /* ViewController.m */,
				28BDEFB41CA127CE009E0B7A /* UIImage+ImageWithColor.h */,
				28BDEFB51CA127CE009E0B7A /* UIImage+ImageWithColor.m */,
			);
			path = source;
			sourceTree = "<group>";
		};
		280511021C80042E003A668E /* resource */ = {
			isa = PBXGroup;
			children = (
				280511031C80042E003A668E /* image */,
				280511051C80042E003A668E /* xibSource */,
			);
			path = resource;
			sourceTree = "<group>";
		};
		280511031C80042E003A668E /* image */ = {
			isa = PBXGroup;
			children = (
				28BDEFAD1CA113EA009E0B7A /* other */,
				280511041C80042E003A668E /* main */,
			);
			path = image;
			sourceTree = "<group>";
		};
		280511041C80042E003A668E /* main */ = {
			isa = PBXGroup;
			children = (
				288F59C01CA51B7000D08F55 /* cross.png */,
				28F5BA5F1CA906E500D0A8F6 /* back_btn.png */,
				28F5BA601CA906E500D0A8F6 /* back_btn@2x.png */,
				28F5BA5B1CA9043100D0A8F6 /* nav_bg_ios7.png */,
				28F5BA5C1CA9043100D0A8F6 /* nav_bg_ios7@2x.png */,
				288F59C11CA51B7000D08F55 /* fb-icon.png */,
				288F59C21CA51B7000D08F55 /* google-icon.png */,
				288F59C31CA51B7000D08F55 /* linkedin-icon.png */,
				281A062E1CBCF1E600E6AC2F /* sample.jpg */,
				288F59C41CA51B7000D08F55 /* plus.png */,
				288F59C51CA51B7000D08F55 /* twitter-icon.png */,
			);
			path = main;
			sourceTree = "<group>";
		};
		280511051C80042E003A668E /* xibSource */ = {
			isa = PBXGroup;
			children = (
				280511061C80042E003A668E /* LaunchScreen.storyboard */,
				280511071C80042E003A668E /* Main.storyboard */,
			);
			path = xibSource;
			sourceTree = "<group>";
		};
		281B57591CAA1C0700E6E81B /* External */ = {
			isa = PBXGroup;
			children = (
				28D3DF3C1CB7907600173CB1 /* INISAFESign.h */,
				28D3DF3D1CB7907600173CB1 /* INISAFEXSafe.h */,
				281B575D1CAA1D9F00E6E81B /* NSString+URLEncodedString.h */,
				281B575E1CAA1D9F00E6E81B /* NSString+URLEncodedString.m */,
			);
			path = External;
			sourceTree = "<group>";
		};
		288F59B71CA51A7200D08F55 /* VCFloatingActionButton */ = {
			isa = PBXGroup;
			children = (
				288F59B81CA51A7200D08F55 /* floatTableViewCell.h */,
				288F59B91CA51A7200D08F55 /* floatTableViewCell.m */,
				288F59BA1CA51A7200D08F55 /* floatTableViewCell.xib */,
				288F59BB1CA51A7200D08F55 /* VCFloatingActionButton.h */,
				288F59BC1CA51A7200D08F55 /* VCFloatingActionButton.m */,
			);
			path = VCFloatingActionButton;
			sourceTree = "<group>";
		};
		28BDEFAD1CA113EA009E0B7A /* other */ = {
			isa = PBXGroup;
			children = (
				28BDEFAE1CA113EA009E0B7A /* location_icon@1x.png */,
				28BDEFAF1CA113EA009E0B7A /* location_icon@2x.png */,
				28BDEFB01CA113EA009E0B7A /* location_icon@3x.png */,
			);
			path = other;
			sourceTree = "<group>";
		};
		28D3DF2B1CB7888800173CB1 /* externLib */ = {
			isa = PBXGroup;
			children = (
				28D3DF2C1CB7888800173CB1 /* INISAFE_CMP_for_C_v3.4.2_iOS_8.1_Universal.a */,
				28D3DF2D1CB7888800173CB1 /* INISAFE_Core_for_C_v2.4.0_iOS_8.1_Universal.a */,
				28D3DF2E1CB7888800173CB1 /* INISAFE_Sign_for_C_v4.4.0_iOS_8.1_Universal.a */,
				28D3DF2F1CB7888800173CB1 /* INISAFE_Sign_for_C_v4.4.0_iOS_8.1d_Universal.a */,
				28D3DF301CB7888800173CB1 /* INISAFE_XSafe_for_C_v1.7.4_iOS_8.4_Universal.a */,
				28D3DF311CB7888800173CB1 /* INISAFE_XSafe_for_C_v1.7.4_iOS_8.4d_Universal.a */,
				28D3DF321CB7888800173CB1 /* libINISAFE_Crypto_for_C_v5.2.0_iOS_8.1.a */,
				28D3DF331CB7888800173CB1 /* libINISAFE_PKI_for_C_v5.2.1_iOS_8.1.a */,
			);
			path = externLib;
			sourceTree = "<group>";
		};
/* End PBXGroup section */

/* Begin PBXNativeTarget section */
		280510DD1C7FE9AE003A668E /* knbankmbr */ = {
			isa = PBXNativeTarget;
			buildConfigurationList = 280510F51C7FE9AE003A668E /* Build configuration list for PBXNativeTarget "knbankmbr" */;
			buildPhases = (
				280510DA1C7FE9AE003A668E /* Sources */,
				280510DB1C7FE9AE003A668E /* Frameworks */,
				280510DC1C7FE9AE003A668E /* Resources */,
			);
			buildRules = (
			);
			dependencies = (
			);
			name = knbankmbr;
			productName = knbankmbr;
			productReference = 280510DE1C7FE9AE003A668E /* knbankmbr.app */;
			productType = "com.apple.product-type.application";
		};
/* End PBXNativeTarget section */

/* Begin PBXProject section */
		280510D61C7FE9AE003A668E /* Project object */ = {
			isa = PBXProject;
			attributes = {
				LastUpgradeCheck = 0720;
				ORGANIZATIONNAME = knbank;
				TargetAttributes = {
					280510DD1C7FE9AE003A668E = {
						CreatedOnToolsVersion = 7.2.1;
						DevelopmentTeam = 75B9Q5T5XX;
						SystemCapabilities = {
							com.apple.Push = {
								enabled = 0;
							};
						};
					};
				};
			};
			buildConfigurationList = 280510D91C7FE9AE003A668E /* Build configuration list for PBXProject "knbankmbr" */;
			compatibilityVersion = "Xcode 3.2";
			developmentRegion = English;
			hasScannedForEncodings = 0;
			knownRegions = (
				en,
				Base,
			);
			mainGroup = 280510D51C7FE9AE003A668E;
			productRefGroup = 280510DF1C7FE9AE003A668E /* Products */;
			projectDirPath = "";
			projectRoot = "";
			targets = (
				280510DD1C7FE9AE003A668E /* knbankmbr */,
			);
		};
/* End PBXProject section */

/* Begin PBXResourcesBuildPhase section */
		280510DC1C7FE9AE003A668E /* Resources */ = {
			isa = PBXResourcesBuildPhase;
			buildActionMask = 2147483647;
			files = (
				280511091C80042E003A668E /* Main.storyboard in Resources */,
				28BDEFB11CA113EA009E0B7A /* location_icon@1x.png in Resources */,
				28F5BA5E1CA9043100D0A8F6 /* nav_bg_ios7@2x.png in Resources */,
				28F5BA611CA906E500D0A8F6 /* back_btn.png in Resources */,
				280510EE1C7FE9AE003A668E /* Assets.xcassets in Resources */,
				288F59C81CA51B7000D08F55 /* google-icon.png in Resources */,
				288F59CB1CA51B7000D08F55 /* twitter-icon.png in Resources */,
				281A062F1CBCF1E600E6AC2F /* sample.jpg in Resources */,
				28BDEFB21CA113EA009E0B7A /* location_icon@2x.png in Resources */,
				280511081C80042E003A668E /* LaunchScreen.storyboard in Resources */,
				288F59C71CA51B7000D08F55 /* fb-icon.png in Resources */,
				28F5BA621CA906E500D0A8F6 /* back_btn@2x.png in Resources */,
				28F5BA5D1CA9043100D0A8F6 /* nav_bg_ios7.png in Resources */,
				28BDEFB31CA113EA009E0B7A /* location_icon@3x.png in Resources */,
				288F59C61CA51B7000D08F55 /* cross.png in Resources */,
				288F59C91CA51B7000D08F55 /* linkedin-icon.png in Resources */,
				288F59BE1CA51A7200D08F55 /* floatTableViewCell.xib in Resources */,
				288F59CA1CA51B7000D08F55 /* plus.png in Resources */,
			);
			runOnlyForDeploymentPostprocessing = 0;
		};
/* End PBXResourcesBuildPhase section */

/* Begin PBXSourcesBuildPhase section */
		280510DA1C7FE9AE003A668E /* Sources */ = {
			isa = PBXSourcesBuildPhase;
			buildActionMask = 2147483647;
			files = (
				280224F71CBB6EF700520DAB /* CKCommonAlert.m in Sources */,
				288F59BF1CA51A7200D08F55 /* VCFloatingActionButton.m in Sources */,
				281B57581CAA146A00E6E81B /* CPTouchActionView.m in Sources */,
				280511011C800109003A668E /* ViewController.m in Sources */,
				281B575F1CAA1D9F00E6E81B /* NSString+URLEncodedString.m in Sources */,
				28BDEFB61CA127CE009E0B7A /* UIImage+ImageWithColor.m in Sources */,
				281A062D1CBCE91800E6AC2F /* CKBackgroudView.m in Sources */,
				288F59BD1CA51A7200D08F55 /* floatTableViewCell.m in Sources */,
				280511001C800109003A668E /* AppDelegate.m in Sources */,
				2804329A1CACBC33001B7084 /* CKMenuView.m in Sources */,
				281A062A1CBCD13200E6AC2F /* CKLoadingView.m in Sources */,
				280510E31C7FE9AE003A668E /* main.m in Sources */,
				28092A961CABC74900BE312E /* MenuViewController.m in Sources */,
			);
			runOnlyForDeploymentPostprocessing = 0;
		};
/* End PBXSourcesBuildPhase section */

/* Begin XCBuildConfiguration section */
		280510F31C7FE9AE003A668E /* Debug */ = {
			isa = XCBuildConfiguration;
			buildSettings = {
				ALWAYS_SEARCH_USER_PATHS = NO;
				CLANG_CXX_LANGUAGE_STANDARD = "gnu++0x";
				CLANG_CXX_LIBRARY = "libc++";
				CLANG_ENABLE_MODULES = YES;
				CLANG_ENABLE_OBJC_ARC = YES;
				CLANG_WARN_BOOL_CONVERSION = YES;
				CLANG_WARN_CONSTANT_CONVERSION = YES;
				CLANG_WARN_DIRECT_OBJC_ISA_USAGE = YES_ERROR;
				CLANG_WARN_EMPTY_BODY = YES;
				CLANG_WARN_ENUM_CONVERSION = YES;
				CLANG_WARN_INT_CONVERSION = YES;
				CLANG_WARN_OBJC_ROOT_CLASS = YES_ERROR;
				CLANG_WARN_UNREACHABLE_CODE = YES;
				CLANG_WARN__DUPLICATE_METHOD_MATCH = YES;
				"CODE_SIGN_IDENTITY[sdk=iphoneos*]" = "iPhone Developer";
				COPY_PHASE_STRIP = NO;
				DEBUG_INFORMATION_FORMAT = dwarf;
				ENABLE_STRICT_OBJC_MSGSEND = YES;
				ENABLE_TESTABILITY = YES;
				GCC_C_LANGUAGE_STANDARD = gnu99;
				GCC_DYNAMIC_NO_PIC = NO;
				GCC_NO_COMMON_BLOCKS = YES;
				GCC_OPTIMIZATION_LEVEL = 0;
				GCC_PREPROCESSOR_DEFINITIONS = (
					"DEBUG=1",
					"$(inherited)",
				);
				GCC_WARN_64_TO_32_BIT_CONVERSION = YES;
				GCC_WARN_ABOUT_RETURN_TYPE = YES_ERROR;
				GCC_WARN_UNDECLARED_SELECTOR = YES;
				GCC_WARN_UNINITIALIZED_AUTOS = YES_AGGRESSIVE;
				GCC_WARN_UNUSED_FUNCTION = YES;
				GCC_WARN_UNUSED_VARIABLE = YES;
				IPHONEOS_DEPLOYMENT_TARGET = 9.2;
				MTL_ENABLE_DEBUG_INFO = YES;
				ONLY_ACTIVE_ARCH = YES;
				SDKROOT = iphoneos;
			};
			name = Debug;
		};
		280510F41C7FE9AE003A668E /* Release */ = {
			isa = XCBuildConfiguration;
			buildSettings = {
				ALWAYS_SEARCH_USER_PATHS = NO;
				CLANG_CXX_LANGUAGE_STANDARD = "gnu++0x";
				CLANG_CXX_LIBRARY = "libc++";
				CLANG_ENABLE_MODULES = YES;
				CLANG_ENABLE_OBJC_ARC = YES;
				CLANG_WARN_BOOL_CONVERSION = YES;
				CLANG_WARN_CONSTANT_CONVERSION = YES;
				CLANG_WARN_DIRECT_OBJC_ISA_USAGE = YES_ERROR;
				CLANG_WARN_EMPTY_BODY = YES;
				CLANG_WARN_ENUM_CONVERSION = YES;
				CLANG_WARN_INT_CONVERSION = YES;
				CLANG_WARN_OBJC_ROOT_CLASS = YES_ERROR;
				CLANG_WARN_UNREACHABLE_CODE = YES;
				CLANG_WARN__DUPLICATE_METHOD_MATCH = YES;
				"CODE_SIGN_IDENTITY[sdk=iphoneos*]" = "iPhone Developer";
				COPY_PHASE_STRIP = NO;
				DEBUG_INFORMATION_FORMAT = "dwarf-with-dsym";
				ENABLE_NS_ASSERTIONS = NO;
				ENABLE_STRICT_OBJC_MSGSEND = YES;
				GCC_C_LANGUAGE_STANDARD = gnu99;
				GCC_NO_COMMON_BLOCKS = YES;
				GCC_WARN_64_TO_32_BIT_CONVERSION = YES;
				GCC_WARN_ABOUT_RETURN_TYPE = YES_ERROR;
				GCC_WARN_UNDECLARED_SELECTOR = YES;
				GCC_WARN_UNINITIALIZED_AUTOS = YES_AGGRESSIVE;
				GCC_WARN_UNUSED_FUNCTION = YES;
				GCC_WARN_UNUSED_VARIABLE = YES;
				IPHONEOS_DEPLOYMENT_TARGET = 9.2;
				MTL_ENABLE_DEBUG_INFO = NO;
				SDKROOT = iphoneos;
				VALIDATE_PRODUCT = YES;
			};
			name = Release;
		};
		280510F61C7FE9AE003A668E /* Debug */ = {
			isa = XCBuildConfiguration;
			buildSettings = {
				ASSETCATALOG_COMPILER_APPICON_NAME = AppIcon;
				CODE_SIGN_IDENTITY = "iPhone Developer";
				"CODE_SIGN_IDENTITY[sdk=iphoneos*]" = "iPhone Developer";
				GCC_PREFIX_HEADER = knbankmbr/source/PrefixHeader.pch;
				INFOPLIST_FILE = knbankmbr/Info.plist;
				IPHONEOS_DEPLOYMENT_TARGET = 7.0;
				LD_RUNPATH_SEARCH_PATHS = "$(inherited) @executable_path/Frameworks";
				LIBRARY_SEARCH_PATHS = (
					"$(inherited)",
					"$(PROJECT_DIR)/knbankmbr/externLib",
				);
				PRODUCT_BUNDLE_IDENTIFIER = com.knb.mbr;
				PRODUCT_NAME = "$(TARGET_NAME)";
				PROVISIONING_PROFILE = "";
			};
			name = Debug;
		};
		280510F71C7FE9AE003A668E /* Release */ = {
			isa = XCBuildConfiguration;
			buildSettings = {
				ASSETCATALOG_COMPILER_APPICON_NAME = AppIcon;
				CODE_SIGN_IDENTITY = "iPhone Developer";
				"CODE_SIGN_IDENTITY[sdk=iphoneos*]" = "iPhone Developer";
				GCC_PREFIX_HEADER = knbankmbr/source/PrefixHeader.pch;
				INFOPLIST_FILE = knbankmbr/Info.plist;
				IPHONEOS_DEPLOYMENT_TARGET = 7.0;
				LD_RUNPATH_SEARCH_PATHS = "$(inherited) @executable_path/Frameworks";
				LIBRARY_SEARCH_PATHS = (
					"$(inherited)",
					"$(PROJECT_DIR)/knbankmbr/externLib",
				);
				PRODUCT_BUNDLE_IDENTIFIER = com.knb.mbr;
				PRODUCT_NAME = "$(TARGET_NAME)";
				PROVISIONING_PROFILE = "";
			};
			name = Release;
		};
/* End XCBuildConfiguration section */

/* Begin XCConfigurationList section */
		280510D91C7FE9AE003A668E /* Build configuration list for PBXProject "knbankmbr" */ = {
			isa = XCConfigurationList;
			buildConfigurations = (
				280510F31C7FE9AE003A668E /* Debug */,
				280510F41C7FE9AE003A668E /* Release */,
			);
			defaultConfigurationIsVisible = 0;
			defaultConfigurationName = Release;
		};
		280510F51C7FE9AE003A668E /* Build configuration list for PBXNativeTarget "knbankmbr" */ = {
			isa = XCConfigurationList;
			buildConfigurations = (
				280510F61C7FE9AE003A668E /* Debug */,
				280510F71C7FE9AE003A668E /* Release */,
			);
			defaultConfigurationIsVisible = 0;
			defaultConfigurationName = Release;
		};
/* End XCConfigurationList section */
	};
	rootObject = 280510D61C7FE9AE003A668E /* Project object */;
}
